// !$*UTF8*$!
{
	archiveVersion = 1;
	classes = {
	};
	objectVersion = 46;
	objects = {

/* Begin PBXBuildFile section */
		A82C0AE0198BD95500FAEF2B /* TKTextFieldViewController.m in Sources */ = {isa = PBXBuildFile; fileRef = A82C0ADF198BD95500FAEF2B /* TKTextFieldViewController.m */; };
		A849E68C198BF444008D2BCD /* TKTextViewController.m in Sources */ = {isa = PBXBuildFile; fileRef = A849E68B198BF444008D2BCD /* TKTextViewController.m */; };
		A8BB1468198A8D4F00CEE1A2 /* Foundation.framework in Frameworks */ = {isa = PBXBuildFile; fileRef = A8BB1467198A8D4F00CEE1A2 /* Foundation.framework */; };
		A8BB146A198A8D4F00CEE1A2 /* CoreGraphics.framework in Frameworks */ = {isa = PBXBuildFile; fileRef = A8BB1469198A8D4F00CEE1A2 /* CoreGraphics.framework */; };
		A8BB146C198A8D4F00CEE1A2 /* UIKit.framework in Frameworks */ = {isa = PBXBuildFile; fileRef = A8BB146B198A8D4F00CEE1A2 /* UIKit.framework */; };
		A8BB1472198A8D4F00CEE1A2 /* InfoPlist.strings in Resources */ = {isa = PBXBuildFile; fileRef = A8BB1470198A8D4F00CEE1A2 /* InfoPlist.strings */; };
		A8BB1474198A8D4F00CEE1A2 /* main.m in Sources */ = {isa = PBXBuildFile; fileRef = A8BB1473198A8D4F00CEE1A2 /* main.m */; };
		A8BB1478198A8D4F00CEE1A2 /* TKAppDelegate.m in Sources */ = {isa = PBXBuildFile; fileRef = A8BB1477198A8D4F00CEE1A2 /* TKAppDelegate.m */; };
		A8BB1481198A8D4F00CEE1A2 /* TKMasterViewController.m in Sources */ = {isa = PBXBuildFile; fileRef = A8BB1480198A8D4F00CEE1A2 /* TKMasterViewController.m */; };
		A8BB1486198A8D4F00CEE1A2 /* Images.xcassets in Resources */ = {isa = PBXBuildFile; fileRef = A8BB1485198A8D4F00CEE1A2 /* Images.xcassets */; };
		A8BB14A4198A8F3B00CEE1A2 /* TKKeyboard.m in Sources */ = {isa = PBXBuildFile; fileRef = A8BB14A3198A8F3B00CEE1A2 /* TKKeyboard.m */; };
		A8BB14A7198A95EB00CEE1A2 /* NSObject+Swizzle.m in Sources */ = {isa = PBXBuildFile; fileRef = A8BB14A6198A95EB00CEE1A2 /* NSObject+Swizzle.m */; };
		A8BB14AD198A9D5300CEE1A2 /* TKKeyboardManager.m in Sources */ = {isa = PBXBuildFile; fileRef = A8BB14AC198A9D5300CEE1A2 /* TKKeyboardManager.m */; };
		A8BB14B3198AA45800CEE1A2 /* TKKeyboardConfiguration.m in Sources */ = {isa = PBXBuildFile; fileRef = A8BB14B2198AA45800CEE1A2 /* TKKeyboardConfiguration.m */; };
		A8BB14BC198AAE8300CEE1A2 /* TKGridLinesTexturedView.m in Sources */ = {isa = PBXBuildFile; fileRef = A8BB14BB198AAE8300CEE1A2 /* TKGridLinesTexturedView.m */; };
		A8ED683A198E0B30000DDD3F /* LICENSE in Resources */ = {isa = PBXBuildFile; fileRef = A8ED6838198E0B30000DDD3F /* LICENSE */; };
		A8ED683B198E0B30000DDD3F /* README.md in Resources */ = {isa = PBXBuildFile; fileRef = A8ED6839198E0B30000DDD3F /* README.md */; };
		AB8C318F198B3FC300B771E8 /* TKKeyItem.m in Sources */ = {isa = PBXBuildFile; fileRef = AB8C318E198B3FC300B771E8 /* TKKeyItem.m */; };
		AB8C3195198B73FA00B771E8 /* TKKeyButton.m in Sources */ = {isa = PBXBuildFile; fileRef = AB8C3194198B73FA00B771E8 /* TKKeyButton.m */; };
		ABBCEDC0198B9426009A581E /* TKFlowLayout.m in Sources */ = {isa = PBXBuildFile; fileRef = ABBCEDBF198B9426009A581E /* TKFlowLayout.m */; };
		ABBCEDC3198B947E009A581E /* TKGridLayout.m in Sources */ = {isa = PBXBuildFile; fileRef = ABBCEDC2198B947E009A581E /* TKGridLayout.m */; };
/* End PBXBuildFile section */

/* Begin PBXFileReference section */
		A82C0ADE198BD95500FAEF2B /* TKTextFieldViewController.h */ = {isa = PBXFileReference; fileEncoding = 4; lastKnownFileType = sourcecode.c.h; name = TKTextFieldViewController.h; path = TKKeyBoard/TKTextFieldViewController.h; sourceTree = "<group>"; };
		A82C0ADF198BD95500FAEF2B /* TKTextFieldViewController.m */ = {isa = PBXFileReference; fileEncoding = 4; lastKnownFileType = sourcecode.c.objc; name = TKTextFieldViewController.m; path = TKKeyBoard/TKTextFieldViewController.m; sourceTree = "<group>"; };
		A849E68A198BF444008D2BCD /* TKTextViewController.h */ = {isa = PBXFileReference; fileEncoding = 4; lastKnownFileType = sourcecode.c.h; name = TKTextViewController.h; path = TKKeyBoard/TKTextViewController.h; sourceTree = "<group>"; };
		A849E68B198BF444008D2BCD /* TKTextViewController.m */ = {isa = PBXFileReference; fileEncoding = 4; lastKnownFileType = sourcecode.c.objc; name = TKTextViewController.m; path = TKKeyBoard/TKTextViewController.m; sourceTree = "<group>"; };
		A8BB1464198A8D4F00CEE1A2 /* TKKeyBoard.app */ = {isa = PBXFileReference; explicitFileType = wrapper.application; includeInIndex = 0; path = TKKeyBoard.app; sourceTree = BUILT_PRODUCTS_DIR; };
		A8BB1467198A8D4F00CEE1A2 /* Foundation.framework */ = {isa = PBXFileReference; lastKnownFileType = wrapper.framework; name = Foundation.framework; path = System/Library/Frameworks/Foundation.framework; sourceTree = SDKROOT; };
		A8BB1469198A8D4F00CEE1A2 /* CoreGraphics.framework */ = {isa = PBXFileReference; lastKnownFileType = wrapper.framework; name = CoreGraphics.framework; path = System/Library/Frameworks/CoreGraphics.framework; sourceTree = SDKROOT; };
		A8BB146B198A8D4F00CEE1A2 /* UIKit.framework */ = {isa = PBXFileReference; lastKnownFileType = wrapper.framework; name = UIKit.framework; path = System/Library/Frameworks/UIKit.framework; sourceTree = SDKROOT; };
		A8BB146F198A8D4F00CEE1A2 /* TKKeyBoard-Info.plist */ = {isa = PBXFileReference; lastKnownFileType = text.plist.xml; path = "TKKeyBoard-Info.plist"; sourceTree = "<group>"; };
		A8BB1471198A8D4F00CEE1A2 /* en */ = {isa = PBXFileReference; lastKnownFileType = text.plist.strings; name = en; path = en.lproj/InfoPlist.strings; sourceTree = "<group>"; };
		A8BB1473198A8D4F00CEE1A2 /* main.m */ = {isa = PBXFileReference; lastKnownFileType = sourcecode.c.objc; path = main.m; sourceTree = "<group>"; };
		A8BB1475198A8D4F00CEE1A2 /* TKKeyBoard-Prefix.pch */ = {isa = PBXFileReference; lastKnownFileType = sourcecode.c.h; path = "TKKeyBoard-Prefix.pch"; sourceTree = "<group>"; };
		A8BB1476198A8D4F00CEE1A2 /* TKAppDelegate.h */ = {isa = PBXFileReference; lastKnownFileType = sourcecode.c.h; name = TKAppDelegate.h; path = TKKeyBoard/TKAppDelegate.h; sourceTree = "<group>"; };
		A8BB1477198A8D4F00CEE1A2 /* TKAppDelegate.m */ = {isa = PBXFileReference; lastKnownFileType = sourcecode.c.objc; name = TKAppDelegate.m; path = TKKeyBoard/TKAppDelegate.m; sourceTree = "<group>"; };
		A8BB147F198A8D4F00CEE1A2 /* TKMasterViewController.h */ = {isa = PBXFileReference; lastKnownFileType = sourcecode.c.h; name = TKMasterViewController.h; path = TKKeyBoard/TKMasterViewController.h; sourceTree = "<group>"; };
		A8BB1480198A8D4F00CEE1A2 /* TKMasterViewController.m */ = {isa = PBXFileReference; lastKnownFileType = sourcecode.c.objc; name = TKMasterViewController.m; path = TKKeyBoard/TKMasterViewController.m; sourceTree = "<group>"; };
		A8BB1485198A8D4F00CEE1A2 /* Images.xcassets */ = {isa = PBXFileReference; lastKnownFileType = folder.assetcatalog; path = Images.xcassets; sourceTree = "<group>"; };
		A8BB148C198A8D5000CEE1A2 /* XCTest.framework */ = {isa = PBXFileReference; lastKnownFileType = wrapper.framework; name = XCTest.framework; path = Library/Frameworks/XCTest.framework; sourceTree = DEVELOPER_DIR; };
		A8BB14A2198A8F3B00CEE1A2 /* TKKeyboard.h */ = {isa = PBXFileReference; fileEncoding = 4; lastKnownFileType = sourcecode.c.h; path = TKKeyboard.h; sourceTree = "<group>"; };
		A8BB14A3198A8F3B00CEE1A2 /* TKKeyboard.m */ = {isa = PBXFileReference; fileEncoding = 4; lastKnownFileType = sourcecode.c.objc; path = TKKeyboard.m; sourceTree = "<group>"; };
		A8BB14A5198A95EB00CEE1A2 /* NSObject+Swizzle.h */ = {isa = PBXFileReference; fileEncoding = 4; lastKnownFileType = sourcecode.c.h; path = "NSObject+Swizzle.h"; sourceTree = "<group>"; };
		A8BB14A6198A95EB00CEE1A2 /* NSObject+Swizzle.m */ = {isa = PBXFileReference; fileEncoding = 4; lastKnownFileType = sourcecode.c.objc; path = "NSObject+Swizzle.m"; sourceTree = "<group>"; };
		A8BB14AB198A9D5300CEE1A2 /* TKKeyboardManager.h */ = {isa = PBXFileReference; fileEncoding = 4; lastKnownFileType = sourcecode.c.h; path = TKKeyboardManager.h; sourceTree = "<group>"; };
		A8BB14AC198A9D5300CEE1A2 /* TKKeyboardManager.m */ = {isa = PBXFileReference; fileEncoding = 4; lastKnownFileType = sourcecode.c.objc; path = TKKeyboardManager.m; sourceTree = "<group>"; };
		A8BB14B1198AA45800CEE1A2 /* TKKeyboardConfiguration.h */ = {isa = PBXFileReference; fileEncoding = 4; lastKnownFileType = sourcecode.c.h; path = TKKeyboardConfiguration.h; sourceTree = "<group>"; };
		A8BB14B2198AA45800CEE1A2 /* TKKeyboardConfiguration.m */ = {isa = PBXFileReference; fileEncoding = 4; lastKnownFileType = sourcecode.c.objc; path = TKKeyboardConfiguration.m; sourceTree = "<group>"; };
		A8BB14BA198AAE8300CEE1A2 /* TKGridLinesTexturedView.h */ = {isa = PBXFileReference; fileEncoding = 4; lastKnownFileType = sourcecode.c.h; path = TKGridLinesTexturedView.h; sourceTree = "<group>"; };
		A8BB14BB198AAE8300CEE1A2 /* TKGridLinesTexturedView.m */ = {isa = PBXFileReference; fileEncoding = 4; lastKnownFileType = sourcecode.c.objc; path = TKGridLinesTexturedView.m; sourceTree = "<group>"; };
		A8ED6838198E0B30000DDD3F /* LICENSE */ = {isa = PBXFileReference; fileEncoding = 4; lastKnownFileType = text; path = LICENSE; sourceTree = SOURCE_ROOT; };
		A8ED6839198E0B30000DDD3F /* README.md */ = {isa = PBXFileReference; fileEncoding = 4; lastKnownFileType = text; path = README.md; sourceTree = SOURCE_ROOT; };
		AB8C318D198B3FC300B771E8 /* TKKeyItem.h */ = {isa = PBXFileReference; fileEncoding = 4; lastKnownFileType = sourcecode.c.h; path = TKKeyItem.h; sourceTree = "<group>"; };
		AB8C318E198B3FC300B771E8 /* TKKeyItem.m */ = {isa = PBXFileReference; fileEncoding = 4; lastKnownFileType = sourcecode.c.objc; path = TKKeyItem.m; sourceTree = "<group>"; };
		AB8C3193198B73FA00B771E8 /* TKKeyButton.h */ = {isa = PBXFileReference; fileEncoding = 4; lastKnownFileType = sourcecode.c.h; path = TKKeyButton.h; sourceTree = "<group>"; };
		AB8C3194198B73FA00B771E8 /* TKKeyButton.m */ = {isa = PBXFileReference; fileEncoding = 4; lastKnownFileType = sourcecode.c.objc; path = TKKeyButton.m; sourceTree = "<group>"; };
		ABBCEDB7198B90B4009A581E /* TKLayout.h */ = {isa = PBXFileReference; fileEncoding = 4; lastKnownFileType = sourcecode.c.h; path = TKLayout.h; sourceTree = "<group>"; };
		ABBCEDBE198B9426009A581E /* TKFlowLayout.h */ = {isa = PBXFileReference; fileEncoding = 4; lastKnownFileType = sourcecode.c.h; path = TKFlowLayout.h; sourceTree = "<group>"; };
		ABBCEDBF198B9426009A581E /* TKFlowLayout.m */ = {isa = PBXFileReference; fileEncoding = 4; lastKnownFileType = sourcecode.c.objc; path = TKFlowLayout.m; sourceTree = "<group>"; };
		ABBCEDC1198B947E009A581E /* TKGridLayout.h */ = {isa = PBXFileReference; fileEncoding = 4; lastKnownFileType = sourcecode.c.h; path = TKGridLayout.h; sourceTree = "<group>"; };
		ABBCEDC2198B947E009A581E /* TKGridLayout.m */ = {isa = PBXFileReference; fileEncoding = 4; lastKnownFileType = sourcecode.c.objc; path = TKGridLayout.m; sourceTree = "<group>"; };
/* End PBXFileReference section */

/* Begin PBXFrameworksBuildPhase section */
		A8BB1461198A8D4F00CEE1A2 /* Frameworks */ = {
			isa = PBXFrameworksBuildPhase;
			buildActionMask = 2147483647;
			files = (
				A8BB146A198A8D4F00CEE1A2 /* CoreGraphics.framework in Frameworks */,
				A8BB146C198A8D4F00CEE1A2 /* UIKit.framework in Frameworks */,
				A8BB1468198A8D4F00CEE1A2 /* Foundation.framework in Frameworks */,
			);
			runOnlyForDeploymentPostprocessing = 0;
		};
/* End PBXFrameworksBuildPhase section */

/* Begin PBXGroup section */
		A8BB145B198A8D4F00CEE1A2 = {
			isa = PBXGroup;
			children = (
				A8C8A15C198D13D8003C054F /* example */,
				A8BB146D198A8D4F00CEE1A2 /* TKKeyBoard */,
				A8BB1466198A8D4F00CEE1A2 /* Frameworks */,
				A8BB1465198A8D4F00CEE1A2 /* Products */,
			);
			sourceTree = "<group>";
		};
		A8BB1465198A8D4F00CEE1A2 /* Products */ = {
			isa = PBXGroup;
			children = (
				A8BB1464198A8D4F00CEE1A2 /* TKKeyBoard.app */,
			);
			name = Products;
			sourceTree = "<group>";
		};
		A8BB1466198A8D4F00CEE1A2 /* Frameworks */ = {
			isa = PBXGroup;
			children = (
				A8BB1467198A8D4F00CEE1A2 /* Foundation.framework */,
				A8BB1469198A8D4F00CEE1A2 /* CoreGraphics.framework */,
				A8BB146B198A8D4F00CEE1A2 /* UIKit.framework */,
				A8BB148C198A8D5000CEE1A2 /* XCTest.framework */,
			);
			name = Frameworks;
			sourceTree = "<group>";
		};
		A8BB146D198A8D4F00CEE1A2 /* TKKeyBoard */ = {
			isa = PBXGroup;
			children = (
				A8BB14A5198A95EB00CEE1A2 /* NSObject+Swizzle.h */,
				A8BB14A6198A95EB00CEE1A2 /* NSObject+Swizzle.m */,
				A8BB14AB198A9D5300CEE1A2 /* TKKeyboardManager.h */,
				A8BB14AC198A9D5300CEE1A2 /* TKKeyboardManager.m */,
				A8BB14B1198AA45800CEE1A2 /* TKKeyboardConfiguration.h */,
				A8BB14B2198AA45800CEE1A2 /* TKKeyboardConfiguration.m */,
				AB8C318D198B3FC300B771E8 /* TKKeyItem.h */,
				AB8C318E198B3FC300B771E8 /* TKKeyItem.m */,
				AB8C3193198B73FA00B771E8 /* TKKeyButton.h */,
				AB8C3194198B73FA00B771E8 /* TKKeyButton.m */,
				A8BB14A2198A8F3B00CEE1A2 /* TKKeyboard.h */,
				A8BB14A3198A8F3B00CEE1A2 /* TKKeyboard.m */,
				ABBCEDB7198B90B4009A581E /* TKLayout.h */,
				ABBCEDBE198B9426009A581E /* TKFlowLayout.h */,
				ABBCEDBF198B9426009A581E /* TKFlowLayout.m */,
				ABBCEDC1198B947E009A581E /* TKGridLayout.h */,
				ABBCEDC2198B947E009A581E /* TKGridLayout.m */,
				A8BB14BA198AAE8300CEE1A2 /* TKGridLinesTexturedView.h */,
				A8BB14BB198AAE8300CEE1A2 /* TKGridLinesTexturedView.m */,
				A8BB1485198A8D4F00CEE1A2 /* Images.xcassets */,
				A8BB146E198A8D4F00CEE1A2 /* Supporting Files */,
			);
			path = TKKeyBoard;
			sourceTree = "<group>";
		};
		A8BB146E198A8D4F00CEE1A2 /* Supporting Files */ = {
			isa = PBXGroup;
			children = (
				A8ED6838198E0B30000DDD3F /* LICENSE */,
				A8ED6839198E0B30000DDD3F /* README.md */,
				A8BB146F198A8D4F00CEE1A2 /* TKKeyBoard-Info.plist */,
				A8BB1470198A8D4F00CEE1A2 /* InfoPlist.strings */,
				A8BB1473198A8D4F00CEE1A2 /* main.m */,
				A8BB1475198A8D4F00CEE1A2 /* TKKeyBoard-Prefix.pch */,
			);
			name = "Supporting Files";
			sourceTree = "<group>";
		};
		A8C8A15C198D13D8003C054F /* example */ = {
			isa = PBXGroup;
			children = (
				A8BB1476198A8D4F00CEE1A2 /* TKAppDelegate.h */,
				A8BB1477198A8D4F00CEE1A2 /* TKAppDelegate.m */,
				A8BB147F198A8D4F00CEE1A2 /* TKMasterViewController.h */,
				A8BB1480198A8D4F00CEE1A2 /* TKMasterViewController.m */,
				A82C0ADE198BD95500FAEF2B /* TKTextFieldViewController.h */,
				A82C0ADF198BD95500FAEF2B /* TKTextFieldViewController.m */,
				A849E68A198BF444008D2BCD /* TKTextViewController.h */,
				A849E68B198BF444008D2BCD /* TKTextViewController.m */,
			);
			name = example;
			sourceTree = "<group>";
		};
/* End PBXGroup section */

/* Begin PBXNativeTarget section */
		A8BB1463198A8D4F00CEE1A2 /* TKKeyBoard */ = {
			isa = PBXNativeTarget;
			buildConfigurationList = A8BB149C198A8D5000CEE1A2 /* Build configuration list for PBXNativeTarget "TKKeyBoard" */;
			buildPhases = (
				A8BB1460198A8D4F00CEE1A2 /* Sources */,
				A8BB1461198A8D4F00CEE1A2 /* Frameworks */,
				A8BB1462198A8D4F00CEE1A2 /* Resources */,
			);
			buildRules = (
			);
			dependencies = (
			);
			name = TKKeyBoard;
			productName = TKKeyBoard;
			productReference = A8BB1464198A8D4F00CEE1A2 /* TKKeyBoard.app */;
			productType = "com.apple.product-type.application";
		};
/* End PBXNativeTarget section */

/* Begin PBXProject section */
		A8BB145C198A8D4F00CEE1A2 /* Project object */ = {
			isa = PBXProject;
			attributes = {
				CLASSPREFIX = TK;
				LastUpgradeCheck = 0510;
				ORGANIZATIONNAME = luobin;
			};
			buildConfigurationList = A8BB145F198A8D4F00CEE1A2 /* Build configuration list for PBXProject "TKKeyBoard" */;
			compatibilityVersion = "Xcode 3.2";
			developmentRegion = English;
			hasScannedForEncodings = 0;
			knownRegions = (
				en,
				Base,
			);
			mainGroup = A8BB145B198A8D4F00CEE1A2;
			productRefGroup = A8BB1465198A8D4F00CEE1A2 /* Products */;
			projectDirPath = "";
			projectRoot = "";
			targets = (
				A8BB1463198A8D4F00CEE1A2 /* TKKeyBoard */,
			);
		};
/* End PBXProject section */

/* Begin PBXResourcesBuildPhase section */
		A8BB1462198A8D4F00CEE1A2 /* Resources */ = {
			isa = PBXResourcesBuildPhase;
			buildActionMask = 2147483647;
			files = (
				A8ED683A198E0B30000DDD3F /* LICENSE in Resources */,
				A8BB1486198A8D4F00CEE1A2 /* Images.xcassets in Resources */,
				A8ED683B198E0B30000DDD3F /* README.md in Resources */,
				A8BB1472198A8D4F00CEE1A2 /* InfoPlist.strings in Resources */,
			);
			runOnlyForDeploymentPostprocessing = 0;
		};
/* End PBXResourcesBuildPhase section */

/* Begin PBXSourcesBuildPhase section */
		A8BB1460198A8D4F00CEE1A2 /* Sources */ = {
			isa = PBXSourcesBuildPhase;
			buildActionMask = 2147483647;
			files = (
				A8BB14A4198A8F3B00CEE1A2 /* TKKeyboard.m in Sources */,
				A8BB1474198A8D4F00CEE1A2 /* main.m in Sources */,
				A82C0AE0198BD95500FAEF2B /* TKTextFieldViewController.m in Sources */,
				AB8C3195198B73FA00B771E8 /* TKKeyButton.m in Sources */,
				A8BB1481198A8D4F00CEE1A2 /* TKMasterViewController.m in Sources */,
				A849E68C198BF444008D2BCD /* TKTextViewController.m in Sources */,
				A8BB14B3198AA45800CEE1A2 /* TKKeyboardConfiguration.m in Sources */,
				ABBCEDC3198B947E009A581E /* TKGridLayout.m in Sources */,
				A8BB1478198A8D4F00CEE1A2 /* TKAppDelegate.m in Sources */,
				A8BB14BC198AAE8300CEE1A2 /* TKGridLinesTexturedView.m in Sources */,
				ABBCEDC0198B9426009A581E /* TKFlowLayout.m in Sources */,
				A8BB14AD198A9D5300CEE1A2 /* TKKeyboardManager.m in Sources */,
				A8BB14A7198A95EB00CEE1A2 /* NSObject+Swizzle.m in Sources */,
				AB8C318F198B3FC300B771E8 /* TKKeyItem.m in Sources */,
			);
			runOnlyForDeploymentPostprocessing = 0;
		};
/* End PBXSourcesBuildPhase section */

/* Begin PBXVariantGroup section */
		A8BB1470198A8D4F00CEE1A2 /* InfoPlist.strings */ = {
			isa = PBXVariantGroup;
			children = (
				A8BB1471198A8D4F00CEE1A2 /* en */,
			);
			name = InfoPlist.strings;
			sourceTree = "<group>";
		};
/* End PBXVariantGroup section */

/* Begin XCBuildConfiguration section */
		A8BB149A198A8D5000CEE1A2 /* Debug */ = {
			isa = XCBuildConfiguration;
			buildSettings = {
				ALWAYS_SEARCH_USER_PATHS = NO;
				CLANG_CXX_LANGUAGE_STANDARD = "gnu++0x";
				CLANG_CXX_LIBRARY = "libc++";
				CLANG_ENABLE_MODULES = YES;
				CLANG_ENABLE_OBJC_ARC = NO;
				CLANG_WARN_BOOL_CONVERSION = YES;
				CLANG_WARN_CONSTANT_CONVERSION = YES;
				CLANG_WARN_DIRECT_OBJC_ISA_USAGE = YES_ERROR;
				CLANG_WARN_EMPTY_BODY = YES;
				CLANG_WARN_ENUM_CONVERSION = YES;
				CLANG_WARN_INT_CONVERSION = YES;
				CLANG_WARN_OBJC_ROOT_CLASS = YES_ERROR;
				CLANG_WARN__DUPLICATE_METHOD_MATCH = YES;
				"CODE_SIGN_IDENTITY[sdk=iphoneos*]" = "iPhone Developer";
				COPY_PHASE_STRIP = NO;
				GCC_C_LANGUAGE_STANDARD = gnu99;
				GCC_DYNAMIC_NO_PIC = NO;
				GCC_OPTIMIZATION_LEVEL = 0;
				GCC_PREPROCESSOR_DEFINITIONS = (
					"DEBUG=1",
					"$(inherited)",
				);
				GCC_SYMBOLS_PRIVATE_EXTERN = NO;
				GCC_WARN_64_TO_32_BIT_CONVERSION = YES;
				GCC_WARN_ABOUT_RETURN_TYPE = YES_ERROR;
				GCC_WARN_UNDECLARED_SELECTOR = YES;
				GCC_WARN_UNINITIALIZED_AUTOS = YES_AGGRESSIVE;
				GCC_WARN_UNUSED_FUNCTION = YES;
				GCC_WARN_UNUSED_VARIABLE = YES;
				IPHONEOS_DEPLOYMENT_TARGET = 5.0;
				ONLY_ACTIVE_ARCH = YES;
				SDKROOT = iphoneos;
				TARGETED_DEVICE_FAMILY = "1,2";
			};
			name = Debug;
		};
		A8BB149B198A8D5000CEE1A2 /* Release */ = {
			isa = XCBuildConfiguration;
			buildSettings = {
				ALWAYS_SEARCH_USER_PATHS = NO;
				CLANG_CXX_LANGUAGE_STANDARD = "gnu++0x";
				CLANG_CXX_LIBRARY = "libc++";
				CLANG_ENABLE_MODULES = YES;
				CLANG_ENABLE_OBJC_ARC = NO;
				CLANG_WARN_BOOL_CONVERSION = YES;
				CLANG_WARN_CONSTANT_CONVERSION = YES;
				CLANG_WARN_DIRECT_OBJC_ISA_USAGE = YES_ERROR;
				CLANG_WARN_EMPTY_BODY = YES;
				CLANG_WARN_ENUM_CONVERSION = YES;
				CLANG_WARN_INT_CONVERSION = YES;
				CLANG_WARN_OBJC_ROOT_CLASS = YES_ERROR;
				CLANG_WARN__DUPLICATE_METHOD_MATCH = YES;
				"CODE_SIGN_IDENTITY[sdk=iphoneos*]" = "iPhone Developer";
				COPY_PHASE_STRIP = YES;
				ENABLE_NS_ASSERTIONS = NO;
				GCC_C_LANGUAGE_STANDARD = gnu99;
				GCC_WARN_64_TO_32_BIT_CONVERSION = YES;
				GCC_WARN_ABOUT_RETURN_TYPE = YES_ERROR;
				GCC_WARN_UNDECLARED_SELECTOR = YES;
				GCC_WARN_UNINITIALIZED_AUTOS = YES_AGGRESSIVE;
				GCC_WARN_UNUSED_FUNCTION = YES;
				GCC_WARN_UNUSED_VARIABLE = YES;
				IPHONEOS_DEPLOYMENT_TARGET = 5.0;
				SDKROOT = iphoneos;
				TARGETED_DEVICE_FAMILY = "1,2";
				VALIDATE_PRODUCT = YES;
			};
			name = Release;
		};
		A8BB149D198A8D5000CEE1A2 /* Debug */ = {
			isa = XCBuildConfiguration;
			buildSettings = {
				ASSETCATALOG_COMPILER_APPICON_NAME = AppIcon;
				ASSETCATALOG_COMPILER_LAUNCHIMAGE_NAME = LaunchImage;
				CODE_SIGN_IDENTITY = "iPhone Developer";
				GCC_PRECOMPILE_PREFIX_HEADER = YES;
				GCC_PREFIX_HEADER = "TKKeyBoard/TKKeyBoard-Prefix.pch";
				INFOPLIST_FILE = "TKKeyBoard/TKKeyBoard-Info.plist";
				PRODUCT_NAME = "$(TARGET_NAME)";
				WRAPPER_EXTENSION = app;
			};
			name = Debug;
		};
		A8BB149E198A8D5000CEE1A2 /* Release */ = {
			isa = XCBuildConfiguration;
			buildSettings = {
				ASSETCATALOG_COMPILER_APPICON_NAME = AppIcon;
				ASSETCATALOG_COMPILER_LAUNCHIMAGE_NAME = LaunchImage;
				CODE_SIGN_IDENTITY = "iPhone Distribution";
				GCC_PRECOMPILE_PREFIX_HEADER = YES;
				GCC_PREFIX_HEADER = "TKKeyBoard/TKKeyBoard-Prefix.pch";
				INFOPLIST_FILE = "TKKeyBoard/TKKeyBoard-Info.plist";
				PRODUCT_NAME = "$(TARGET_NAME)";
				WRAPPER_EXTENSION = app;
			};
			name = Release;
		};
/* End XCBuildConfiguration section */

/* Begin XCConfigurationList section */
		A8BB145F198A8D4F00CEE1A2 /* Build configuration list for PBXProject "TKKeyBoard" */ = {
			isa = XCConfigurationList;
			buildConfigurations = (
				A8BB149A198A8D5000CEE1A2 /* Debug */,
				A8BB149B198A8D5000CEE1A2 /* Release */,
			);
			defaultConfigurationIsVisible = 0;
			defaultConfigurationName = Release;
		};
		A8BB149C198A8D5000CEE1A2 /* Build configuration list for PBXNativeTarget "TKKeyBoard" */ = {
			isa = XCConfigurationList;
			buildConfigurations = (
				A8BB149D198A8D5000CEE1A2 /* Debug */,
				A8BB149E198A8D5000CEE1A2 /* Release */,
			);
			defaultConfigurationIsVisible = 0;
			defaultConfigurationName = Release;
		};
/* End XCConfigurationList section */
	};
	rootObject = A8BB145C198A8D4F00CEE1A2 /* Project object */;
}
